
Microsoft Visual Studio Solution File, Format Version 12.00
# Visual Studio 15
VisualStudioVersion = 15.0.27004.2009
MinimumVisualStudioVersion = 10.0.40219.1
Project("{FAE04EC0-301F-11D3-BF4B-00C04F79EFBC}") = "Day 10 - Binary Numbers", "Day 10 - Binary Numbers\Day 10 - Binary Numbers.csproj", "{FBAEC072-4354-485F-8468-29821F26352C}"
EndProject
Global
	GlobalSection(SolutionConfigurationPlatforms) = preSolution
		Debug|Any CPU = Debug|Any CPU
		Release|Any CPU = Release|Any CPU
	EndGlobalSection
	GlobalSection(ProjectConfigurationPlatforms) = postSolution
		{FBAEC072-4354-485F-8468-29821F26352C}.Debug|Any CPU.ActiveCfg = Debug|Any CPU
		{FBAEC072-4354-485F-8468-29821F26352C}.Debug|Any CPU.Build.0 = Debug|Any CPU
		{FBAEC072-4354-485F-8468-29821F26352C}.Release|Any CPU.ActiveCfg = Release|Any CPU
		{FBAEC072-4354-485F-8468-29821F26352C}.Release|Any CPU.Build.0 = Release|Any CPU
	EndGlobalSection
	GlobalSection(SolutionProperties) = preSolution
		HideSolutionNode = FALSE
	EndGlobalSection
	GlobalSection(ExtensibilityGlobals) = postSolution
		SolutionGuid = {10F45413-213E-43C2-ACA0-B914E579BAFA}
	EndGlobalSection
EndGlobal
