
Microsoft Visual Studio Solution File, Format Version 12.00
# Visual Studio 15
VisualStudioVersion = 15.0.27004.2009
MinimumVisualStudioVersion = 10.0.40219.1
Project("{FAE04EC0-301F-11D3-BF4B-00C04F79EFBC}") = "Day 11 - 2D Arrays", "Day 11 - 2D Arrays\Day 11 - 2D Arrays.csproj", "{657221CB-2D4A-4D86-8DC7-F67C907D1C72}"
EndProject
Global
	GlobalSection(SolutionConfigurationPlatforms) = preSolution
		Debug|Any CPU = Debug|Any CPU
		Release|Any CPU = Release|Any CPU
	EndGlobalSection
	GlobalSection(ProjectConfigurationPlatforms) = postSolution
		{657221CB-2D4A-4D86-8DC7-F67C907D1C72}.Debug|Any CPU.ActiveCfg = Debug|Any CPU
		{657221CB-2D4A-4D86-8DC7-F67C907D1C72}.Debug|Any CPU.Build.0 = Debug|Any CPU
		{657221CB-2D4A-4D86-8DC7-F67C907D1C72}.Release|Any CPU.ActiveCfg = Release|Any CPU
		{657221CB-2D4A-4D86-8DC7-F67C907D1C72}.Release|Any CPU.Build.0 = Release|Any CPU
	EndGlobalSection
	GlobalSection(SolutionProperties) = preSolution
		HideSolutionNode = FALSE
	EndGlobalSection
	GlobalSection(ExtensibilityGlobals) = postSolution
		SolutionGuid = {A0485437-7A0A-4531-8811-8D50EDA0D131}
	EndGlobalSection
EndGlobal
